<?xml version="1.0" encoding="utf-8"?>
<Project ToolsVersion="4.0" xmlns="http://schemas.microsoft.com/developer/msbuild/2003">
  <ItemGroup>
    <Filter Include="Source Files">
      <UniqueIdentifier>{4FC737F1-C7A5-4376-A066-2A32D752A2FF}</UniqueIdentifier>
      <Extensions>cpp;c;cc;cxx;c++;cppm;ixx;def;odl;idl;hpj;bat;asm;asmx</Extensions>
    </Filter>
    <Filter Include="Header Files">
      <UniqueIdentifier>{93995380-89BD-4b04-88EB-625FBE52EBFB}</UniqueIdentifier>
      <Extensions>h;hh;hpp;hxx;h++;hm;inl;inc;ipp;xsd</Extensions>
    </Filter>
    <Filter Include="Resource Files">
      <UniqueIdentifier>{67DA6AB6-F800-4c08-8B7A-83BB121AAD01}</UniqueIdentifier>
      <Extensions>rc;ico;cur;bmp;dlg;rc2;rct;bin;rgs;gif;jpg;jpeg;jpe;resx;tiff;tif;png;wav;mfcribbon-ms</Extensions>
    </Filter>
    <Filter Include="Source Files\Text">
      <UniqueIdentifier>{d8dc047a-0977-452b-9c8e-917dd890c1ec}</UniqueIdentifier>
    </Filter>
    <Filter Include="Source Files\Entity">
      <UniqueIdentifier>{0849227c-f65c-4cdc-a5fa-f5b44d96ab1f}</UniqueIdentifier>
    </Filter>
    <Filter Include="Source Files\Logic">
      <UniqueIdentifier>{c8101bca-e56b-4470-82a3-9f0f2d0f540c}</UniqueIdentifier>
    </Filter>
    <Filter Include="Source Files\Scenes">
      <UniqueIdentifier>{4c5f4faa-3d88-4899-815c-32612c097f92}</UniqueIdentifier>
    </Filter>
    <Filter Include="Source Files\Main">
      <UniqueIdentifier>{4fc05c0c-bde5-4e05-9b61-219b3f20c8c3}</UniqueIdentifier>
    </Filter>
  </ItemGroup>
  <ItemGroup>
    <ClCompile Include="textPulse.cpp">
      <Filter>Source Files\Text</Filter>
    </ClCompile>
    <ClCompile Include="enemy.cpp">
      <Filter>Source Files\Entity</Filter>
    </ClCompile>
    <ClCompile Include="entitymanager.cpp">
      <Filter>Source Files\Entity</Filter>
    </ClCompile>
    <ClCompile Include="entities\player.cpp">
      <Filter>Source Files\Entity</Filter>
    </ClCompile>
    <ClCompile Include="processmanager.cpp">
      <Filter>Source Files\Logic</Filter>
    </ClCompile>
    <ClCompile Include="loadingprocess.cpp">
      <Filter>Source Files\Logic</Filter>
    </ClCompile>
    <ClCompile Include="stateManager.cpp">
      <Filter>Source Files\Logic</Filter>
    </ClCompile>
    <ClCompile Include="resourcemanager.cpp">
      <Filter>Source Files\Logic</Filter>
    </ClCompile>
    <ClCompile Include="controls.cpp">
      <Filter>Source Files\Logic</Filter>
    </ClCompile>
    <ClCompile Include="parallaxBackground.cpp">
      <Filter>Source Files\Scenes</Filter>
    </ClCompile>
    <ClCompile Include="generatedBackground.cpp">
      <Filter>Source Files\Scenes</Filter>
    </ClCompile>
    <ClCompile Include="titleScreen.cpp">
      <Filter>Source Files\Scenes</Filter>
    </ClCompile>
    <ClCompile Include="main.cpp">
      <Filter>Source Files\Main</Filter>
    </ClCompile>
    <ClCompile Include="game.cpp">
      <Filter>Source Files\Main</Filter>
    </ClCompile>
    <ClCompile Include="space.cpp">
      <Filter>Source Files\Scenes</Filter>
    </ClCompile>
    <ClCompile Include="audio.cpp">
      <Filter>Source Files\Logic</Filter>
    </ClCompile>
  </ItemGroup>
  <ItemGroup>
    <ClInclude Include="textPulse.h">
      <Filter>Source Files\Text</Filter>
    </ClInclude>
    <ClInclude Include="debugText.h">
      <Filter>Source Files\Text</Filter>
    </ClInclude>
    <ClInclude Include="entity.h">
      <Filter>Source Files\Entity</Filter>
    </ClInclude>
    <ClInclude Include="entitymanager.h">
      <Filter>Source Files\Entity</Filter>
    </ClInclude>
    <ClInclude Include="entities\player.h">
      <Filter>Source Files\Entity</Filter>
    </ClInclude>
    <ClInclude Include="processmanager.h">
      <Filter>Source Files\Logic</Filter>
    </ClInclude>
    <ClInclude Include="loadingprocess.h">
      <Filter>Source Files\Logic</Filter>
    </ClInclude>
    <ClInclude Include="iprocess.h">
      <Filter>Source Files\Logic</Filter>
    </ClInclude>
    <ClInclude Include="global.h">
      <Filter>Source Files\Logic</Filter>
    </ClInclude>
    <ClInclude Include="stateManager.h">
      <Filter>Source Files\Logic</Filter>
    </ClInclude>
    <ClInclude Include="resourcemanager.h">
      <Filter>Source Files\Logic</Filter>
    </ClInclude>
    <ClInclude Include="saveLoad.h">
      <Filter>Source Files\Logic</Filter>
    </ClInclude>
    <ClInclude Include="gameState.h">
      <Filter>Source Files\Logic</Filter>
    </ClInclude>
    <ClInclude Include="game.h">
      <Filter>Source Files\Logic</Filter>
    </ClInclude>
    <ClInclude Include="controls.h">
      <Filter>Source Files\Logic</Filter>
    </ClInclude>
    <ClInclude Include="parallaxBackground.h">
      <Filter>Source Files\Scenes</Filter>
    </ClInclude>
    <ClInclude Include="titleScreen.h">
      <Filter>Source Files\Scenes</Filter>
    </ClInclude>
    <ClInclude Include="enemy.h">
      <Filter>Source Files\Entity</Filter>
    </ClInclude>
    <ClInclude Include="generatedBackground.h">
      <Filter>Source Files\Scenes</Filter>
    </ClInclude>
    <ClInclude Include="space.h">
      <Filter>Source Files\Scenes</Filter>
    </ClInclude>
    <ClInclude Include="audio.h">
      <Filter>Source Files\Logic</Filter>
    </ClInclude>
  </ItemGroup>
</Project>